
Microsoft Visual Studio Solution File, Format Version 11.00
# Visual Studio 2010
Project("{FAE04EC0-301F-11D3-BF4B-00C04F79EFBC}") = "UnityEngine.TestRunner", "UnityEngine.TestRunner.csproj", "{e437844d-e8a9-ad51-e8cd-53d59ac7d8b1}"
EndProject
Project("{FAE04EC0-301F-11D3-BF4B-00C04F79EFBC}") = "Unity.Timeline", "Unity.Timeline.csproj", "{20306c14-8803-0dbe-60d6-93f7744199af}"
EndProject
Project("{FAE04EC0-301F-11D3-BF4B-00C04F79EFBC}") = "UnityEngine.UI", "UnityEngine.UI.csproj", "{19fa4314-b9dc-1f25-53e8-fa2f167ae08e}"
EndProject
Project("{FAE04EC0-301F-11D3-BF4B-00C04F79EFBC}") = "Unity.TextMeshPro", "Unity.TextMeshPro.csproj", "{b3f8331c-28d1-d4b7-7626-423d5a04d50a}"
EndProject
Project("{FAE04EC0-301F-11D3-BF4B-00C04F79EFBC}") = "Assembly-CSharp", "Assembly-CSharp.csproj", "{cbb2313b-f5a9-ed92-4b34-4162244569f8}"
EndProject
Project("{FAE04EC0-301F-11D3-BF4B-00C04F79EFBC}") = "UnityEditor.TestRunner", "UnityEditor.TestRunner.csproj", "{b96cc57f-757c-2b7d-d4ca-891465b72d4a}"
EndProject
Project("{FAE04EC0-301F-11D3-BF4B-00C04F79EFBC}") = "Unity.PlasticSCM.Editor", "Unity.PlasticSCM.Editor.csproj", "{4244823d-1fd2-1ba5-e0ae-5714dc0205b2}"
EndProject
Project("{FAE04EC0-301F-11D3-BF4B-00C04F79EFBC}") = "UnityEditor.UI", "UnityEditor.UI.csproj", "{5a830e76-bc48-8367-f728-7423487902b9}"
EndProject
Project("{FAE04EC0-301F-11D3-BF4B-00C04F79EFBC}") = "Unity.Timeline.Editor", "Unity.Timeline.Editor.csproj", "{a04fc90b-5205-3bd6-138e-e317c2be4ea8}"
EndProject
Project("{FAE04EC0-301F-11D3-BF4B-00C04F79EFBC}") = "Unity.VisualStudio.Editor", "Unity.VisualStudio.Editor.csproj", "{2c1d09ec-62ad-1e9e-f1d7-34d1f2eb6fe4}"
EndProject
Project("{FAE04EC0-301F-11D3-BF4B-00C04F79EFBC}") = "Unity.TextMeshPro.Editor", "Unity.TextMeshPro.Editor.csproj", "{2feece90-eeab-159d-8c1a-9f069c139356}"
EndProject
Project("{FAE04EC0-301F-11D3-BF4B-00C04F79EFBC}") = "Unity.CollabProxy.Editor", "Unity.CollabProxy.Editor.csproj", "{6503fde0-874c-1009-5e6e-fd29ab1924d2}"
EndProject
Project("{FAE04EC0-301F-11D3-BF4B-00C04F79EFBC}") = "Unity.Rider.Editor", "Unity.Rider.Editor.csproj", "{98c3bcb3-46a5-35c1-4e38-0dfbd66a0dd8}"
EndProject
Project("{FAE04EC0-301F-11D3-BF4B-00C04F79EFBC}") = "Unity.VSCode.Editor", "Unity.VSCode.Editor.csproj", "{245da2fb-29c5-eda4-5f5e-ddb9aaf6e4db}"
EndProject
Global
	GlobalSection(SolutionConfigurationPlatforms) = preSolution
		Debug|Any CPU = Debug|Any CPU
	EndGlobalSection
	GlobalSection(ProjectConfigurationPlatforms) = postSolution
		{e437844d-e8a9-ad51-e8cd-53d59ac7d8b1}.Debug|Any CPU.ActiveCfg = Debug|Any CPU
		{e437844d-e8a9-ad51-e8cd-53d59ac7d8b1}.Debug|Any CPU.Build.0 = Debug|Any CPU
		{20306c14-8803-0dbe-60d6-93f7744199af}.Debug|Any CPU.ActiveCfg = Debug|Any CPU
		{20306c14-8803-0dbe-60d6-93f7744199af}.Debug|Any CPU.Build.0 = Debug|Any CPU
		{19fa4314-b9dc-1f25-53e8-fa2f167ae08e}.Debug|Any CPU.ActiveCfg = Debug|Any CPU
		{19fa4314-b9dc-1f25-53e8-fa2f167ae08e}.Debug|Any CPU.Build.0 = Debug|Any CPU
		{b3f8331c-28d1-d4b7-7626-423d5a04d50a}.Debug|Any CPU.ActiveCfg = Debug|Any CPU
		{b3f8331c-28d1-d4b7-7626-423d5a04d50a}.Debug|Any CPU.Build.0 = Debug|Any CPU
		{cbb2313b-f5a9-ed92-4b34-4162244569f8}.Debug|Any CPU.ActiveCfg = Debug|Any CPU
		{cbb2313b-f5a9-ed92-4b34-4162244569f8}.Debug|Any CPU.Build.0 = Debug|Any CPU
		{b96cc57f-757c-2b7d-d4ca-891465b72d4a}.Debug|Any CPU.ActiveCfg = Debug|Any CPU
		{b96cc57f-757c-2b7d-d4ca-891465b72d4a}.Debug|Any CPU.Build.0 = Debug|Any CPU
		{4244823d-1fd2-1ba5-e0ae-5714dc0205b2}.Debug|Any CPU.ActiveCfg = Debug|Any CPU
		{4244823d-1fd2-1ba5-e0ae-5714dc0205b2}.Debug|Any CPU.Build.0 = Debug|Any CPU
		{5a830e76-bc48-8367-f728-7423487902b9}.Debug|Any CPU.ActiveCfg = Debug|Any CPU
		{5a830e76-bc48-8367-f728-7423487902b9}.Debug|Any CPU.Build.0 = Debug|Any CPU
		{a04fc90b-5205-3bd6-138e-e317c2be4ea8}.Debug|Any CPU.ActiveCfg = Debug|Any CPU
		{a04fc90b-5205-3bd6-138e-e317c2be4ea8}.Debug|Any CPU.Build.0 = Debug|Any CPU
		{2c1d09ec-62ad-1e9e-f1d7-34d1f2eb6fe4}.Debug|Any CPU.ActiveCfg = Debug|Any CPU
		{2c1d09ec-62ad-1e9e-f1d7-34d1f2eb6fe4}.Debug|Any CPU.Build.0 = Debug|Any CPU
		{2feece90-eeab-159d-8c1a-9f069c139356}.Debug|Any CPU.ActiveCfg = Debug|Any CPU
		{2feece90-eeab-159d-8c1a-9f069c139356}.Debug|Any CPU.Build.0 = Debug|Any CPU
		{6503fde0-874c-1009-5e6e-fd29ab1924d2}.Debug|Any CPU.ActiveCfg = Debug|Any CPU
		{6503fde0-874c-1009-5e6e-fd29ab1924d2}.Debug|Any CPU.Build.0 = Debug|Any CPU
		{98c3bcb3-46a5-35c1-4e38-0dfbd66a0dd8}.Debug|Any CPU.ActiveCfg = Debug|Any CPU
		{98c3bcb3-46a5-35c1-4e38-0dfbd66a0dd8}.Debug|Any CPU.Build.0 = Debug|Any CPU
		{245da2fb-29c5-eda4-5f5e-ddb9aaf6e4db}.Debug|Any CPU.ActiveCfg = Debug|Any CPU
		{245da2fb-29c5-eda4-5f5e-ddb9aaf6e4db}.Debug|Any CPU.Build.0 = Debug|Any CPU
	EndGlobalSection
	GlobalSection(SolutionProperties) = preSolution
		HideSolutionNode = FALSE
	EndGlobalSection
EndGlobal
